
Microsoft Visual Studio Solution File, Format Version 12.00
# Visual Studio Version 17
VisualStudioVersion = 17.6.33712.159
MinimumVisualStudioVersion = 10.0.40219.1
Project("{FAE04EC0-301F-11D3-BF4B-00C04F79EFBC}") = "zeeshan_todo_list", "zeeshan_todo_list\zeeshan_todo_list.csproj", "{149425D0-F930-43E7-BE49-A8C3925E511C}"
EndProject
Global
	GlobalSection(SolutionConfigurationPlatforms) = preSolution
		Debug|Any CPU = Debug|Any CPU
		Release|Any CPU = Release|Any CPU
	EndGlobalSection
	GlobalSection(ProjectConfigurationPlatforms) = postSolution
		{149425D0-F930-43E7-BE49-A8C3925E511C}.Debug|Any CPU.ActiveCfg = Debug|Any CPU
		{149425D0-F930-43E7-BE49-A8C3925E511C}.Debug|Any CPU.Build.0 = Debug|Any CPU
		{149425D0-F930-43E7-BE49-A8C3925E511C}.Release|Any CPU.ActiveCfg = Release|Any CPU
		{149425D0-F930-43E7-BE49-A8C3925E511C}.Release|Any CPU.Build.0 = Release|Any CPU
	EndGlobalSection
	GlobalSection(SolutionProperties) = preSolution
		HideSolutionNode = FALSE
	EndGlobalSection
	GlobalSection(ExtensibilityGlobals) = postSolution
		SolutionGuid = {835CE14A-E879-4B4C-94C4-858E009711CF}
	EndGlobalSection
EndGlobal
